{
  "name": "example",
  "version": "1.0.0",
  "lockfileVersion": 2,
  "requires": true,
  "packages": {
    "": {
      "name": "example",
      "version": "1.0.0",
      "license": "ISC",
      "dependencies": {
        "marduk-sdk": "file:.."
      }
    },
    "..": {
      "version": "0.1.0",
      "license": "ISC",
      "dependencies": {
        "axios": "^0.26.1"
      },
      "devDependencies": {
        "@typescript-eslint/eslint-plugin": "^5.15.0",
        "@typescript-eslint/parser": "^5.15.0",
        "eslint": "^7.32.0",
        "eslint-config-prettier": "^8.5.0",
        "eslint-config-standard": "^16.0.3",
        "eslint-plugin-import": "^2.25.4",
        "eslint-plugin-node": "^11.1.0",
        "eslint-plugin-prettier": "^4.0.0",
        "eslint-plugin-promise": "^5.2.0",
        "prettier": "^2.6.0",
        "typescript": "^4.6.2"
      }
    },
    "node_modules/marduk-sdk": {
      "resolved": "..",
      "link": true
    }
  },
  "dependencies": {
    "marduk-sdk": {
      "version": "file:..",
      "requires": {
        "@typescript-eslint/eslint-plugin": "^5.15.0",
        "@typescript-eslint/parser": "^5.15.0",
        "axios": "^0.26.1",
        "eslint": "^7.32.0",
        "eslint-config-prettier": "^8.5.0",
        "eslint-config-standard": "^16.0.3",
        "eslint-plugin-import": "^2.25.4",
        "eslint-plugin-node": "^11.1.0",
        "eslint-plugin-prettier": "^4.0.0",
        "eslint-plugin-promise": "^5.2.0",
        "prettier": "^2.6.0",
        "typescript": "^4.6.2"
      }
    }
  }
}
